
Microsoft Visual Studio Solution File, Format Version 12.00
# Visual Studio Version 17
VisualStudioVersion = 17.0.32112.339
MinimumVisualStudioVersion = 10.0.40219.1
Project("{9A19103F-16F7-4668-BE54-9A1E7A4F7556}") = "CodingKTimer", "CodingKTimer\CodingKTimer.csproj", "{0018ABC8-646F-4D8E-920F-2D5CB95CD15C}"
EndProject
Project("{FAE04EC0-301F-11D3-BF4B-00C04F79EFBC}") = "test.ExampleServer", "test.ExampleServer\test.ExampleServer.csproj", "{8DAC4484-7903-4C30-84FA-36EE61B53ED0}"
EndProject
Global
	GlobalSection(SolutionConfigurationPlatforms) = preSolution
		Debug|Any CPU = Debug|Any CPU
		Release|Any CPU = Release|Any CPU
	EndGlobalSection
	GlobalSection(ProjectConfigurationPlatforms) = postSolution
		{0018ABC8-646F-4D8E-920F-2D5CB95CD15C}.Debug|Any CPU.ActiveCfg = Debug|Any CPU
		{0018ABC8-646F-4D8E-920F-2D5CB95CD15C}.Debug|Any CPU.Build.0 = Debug|Any CPU
		{0018ABC8-646F-4D8E-920F-2D5CB95CD15C}.Release|Any CPU.ActiveCfg = Release|Any CPU
		{0018ABC8-646F-4D8E-920F-2D5CB95CD15C}.Release|Any CPU.Build.0 = Release|Any CPU
		{8DAC4484-7903-4C30-84FA-36EE61B53ED0}.Debug|Any CPU.ActiveCfg = Debug|Any CPU
		{8DAC4484-7903-4C30-84FA-36EE61B53ED0}.Debug|Any CPU.Build.0 = Debug|Any CPU
		{8DAC4484-7903-4C30-84FA-36EE61B53ED0}.Release|Any CPU.ActiveCfg = Release|Any CPU
		{8DAC4484-7903-4C30-84FA-36EE61B53ED0}.Release|Any CPU.Build.0 = Release|Any CPU
	EndGlobalSection
	GlobalSection(SolutionProperties) = preSolution
		HideSolutionNode = FALSE
	EndGlobalSection
	GlobalSection(ExtensibilityGlobals) = postSolution
		SolutionGuid = {6AA54A13-F785-48A7-9D27-AEC096863B05}
	EndGlobalSection
EndGlobal
